
Microsoft Visual Studio Solution File, Format Version 12.00
# Visual Studio Version 17
VisualStudioVersion = 17.5.2.0
MinimumVisualStudioVersion = 10.0.40219.1
Project("{FAE04EC0-301F-11D3-BF4B-00C04F79EFBC}") = "test", "test.csproj", "{1E7CB755-154A-45BD-4B30-C030123AA28B}"
EndProject
Project("{FAE04EC0-301F-11D3-BF4B-00C04F79EFBC}") = "sreacher", "..\sreacher\sreacher.csproj", "{C183FBD6-9271-473F-BFA0-C7CA16615CA1}"
EndProject
Global
	GlobalSection(SolutionConfigurationPlatforms) = preSolution
		Debug|Any CPU = Debug|Any CPU
		Debug|x64 = Debug|x64
		Debug|x86 = Debug|x86
		Release|Any CPU = Release|Any CPU
		Release|x64 = Release|x64
		Release|x86 = Release|x86
	EndGlobalSection
	GlobalSection(ProjectConfigurationPlatforms) = postSolution
		{1E7CB755-154A-45BD-4B30-C030123AA28B}.Debug|Any CPU.ActiveCfg = Debug|Any CPU
		{1E7CB755-154A-45BD-4B30-C030123AA28B}.Debug|Any CPU.Build.0 = Debug|Any CPU
		{1E7CB755-154A-45BD-4B30-C030123AA28B}.Debug|x64.ActiveCfg = Debug|Any CPU
		{1E7CB755-154A-45BD-4B30-C030123AA28B}.Debug|x64.Build.0 = Debug|Any CPU
		{1E7CB755-154A-45BD-4B30-C030123AA28B}.Debug|x86.ActiveCfg = Debug|Any CPU
		{1E7CB755-154A-45BD-4B30-C030123AA28B}.Debug|x86.Build.0 = Debug|Any CPU
		{1E7CB755-154A-45BD-4B30-C030123AA28B}.Release|Any CPU.ActiveCfg = Release|Any CPU
		{1E7CB755-154A-45BD-4B30-C030123AA28B}.Release|Any CPU.Build.0 = Release|Any CPU
		{1E7CB755-154A-45BD-4B30-C030123AA28B}.Release|x64.ActiveCfg = Release|Any CPU
		{1E7CB755-154A-45BD-4B30-C030123AA28B}.Release|x64.Build.0 = Release|Any CPU
		{1E7CB755-154A-45BD-4B30-C030123AA28B}.Release|x86.ActiveCfg = Release|Any CPU
		{1E7CB755-154A-45BD-4B30-C030123AA28B}.Release|x86.Build.0 = Release|Any CPU
		{C183FBD6-9271-473F-BFA0-C7CA16615CA1}.Debug|Any CPU.ActiveCfg = Debug|Any CPU
		{C183FBD6-9271-473F-BFA0-C7CA16615CA1}.Debug|Any CPU.Build.0 = Debug|Any CPU
		{C183FBD6-9271-473F-BFA0-C7CA16615CA1}.Debug|x64.ActiveCfg = Debug|Any CPU
		{C183FBD6-9271-473F-BFA0-C7CA16615CA1}.Debug|x64.Build.0 = Debug|Any CPU
		{C183FBD6-9271-473F-BFA0-C7CA16615CA1}.Debug|x86.ActiveCfg = Debug|Any CPU
		{C183FBD6-9271-473F-BFA0-C7CA16615CA1}.Debug|x86.Build.0 = Debug|Any CPU
		{C183FBD6-9271-473F-BFA0-C7CA16615CA1}.Release|Any CPU.ActiveCfg = Release|Any CPU
		{C183FBD6-9271-473F-BFA0-C7CA16615CA1}.Release|Any CPU.Build.0 = Release|Any CPU
		{C183FBD6-9271-473F-BFA0-C7CA16615CA1}.Release|x64.ActiveCfg = Release|Any CPU
		{C183FBD6-9271-473F-BFA0-C7CA16615CA1}.Release|x64.Build.0 = Release|Any CPU
		{C183FBD6-9271-473F-BFA0-C7CA16615CA1}.Release|x86.ActiveCfg = Release|Any CPU
		{C183FBD6-9271-473F-BFA0-C7CA16615CA1}.Release|x86.Build.0 = Release|Any CPU
	EndGlobalSection
	GlobalSection(SolutionProperties) = preSolution
		HideSolutionNode = FALSE
	EndGlobalSection
	GlobalSection(ExtensibilityGlobals) = postSolution
		SolutionGuid = {600FF342-BDB7-49DA-A42D-B57A0F810AE9}
	EndGlobalSection
EndGlobal
